
Microsoft Visual Studio Solution File, Format Version 12.00
# Visual Studio Version 17
VisualStudioVersion = 17.7.34024.191
MinimumVisualStudioVersion = 10.0.40219.1
Project("{2150E333-8FDC-42A3-9474-1A3956D46DE8}") = "csharp", "csharp", "{A63CB2FE-F5FA-477F-98A5-7F65FCEDC905}"
EndProject
Project("{9A19103F-16F7-4668-BE54-9A1E7A4F7556}") = "Singleton", "csharp\Singleton\Singleton.csproj", "{EB25DD95-842F-43CC-BF6E-1B3F6CD47303}"
EndProject
Project("{9A19103F-16F7-4668-BE54-9A1E7A4F7556}") = "FactoryMethod", "csharp\FactoryMethod\FactoryMethod.csproj", "{8A8EC96A-45E5-4864-AC23-1A26F61F4E11}"
EndProject
Project("{9A19103F-16F7-4668-BE54-9A1E7A4F7556}") = "AbstractFactory", "csharp\AbstractFactory\AbstractFactory.csproj", "{0C3A4EB3-5AFD-4373-8F78-34A004B4D530}"
EndProject
Project("{9A19103F-16F7-4668-BE54-9A1E7A4F7556}") = "Prototype", "csharp\Prototype\Prototype.csproj", "{92416813-CF32-4810-BF38-3AF39DB97E42}"
EndProject
Project("{9A19103F-16F7-4668-BE54-9A1E7A4F7556}") = "Builder", "csharp\Builder\Builder.csproj", "{829AC8DA-A9D9-4D15-9CE2-86E0A5D2A50B}"
EndProject
Project("{9A19103F-16F7-4668-BE54-9A1E7A4F7556}") = "Facade", "csharp\Facade\Facade.csproj", "{41EFBB37-87EB-42C6-A814-FAA8936C9D69}"
EndProject
Project("{9A19103F-16F7-4668-BE54-9A1E7A4F7556}") = "Adapter", "csharp\Adapter\Adapter.csproj", "{AE1E4162-1984-4D44-81D3-583B4B9F91D5}"
EndProject
Project("{9A19103F-16F7-4668-BE54-9A1E7A4F7556}") = "Composite", "csharp\Composite\Composite.csproj", "{84C08772-FC06-4793-9C8E-D4DA59CA65D1}"
EndProject
Project("{FAE04EC0-301F-11D3-BF4B-00C04F79EFBC}") = "Proxy", "csharp\Proxy\Proxy.csproj", "{A3136D4F-2192-492C-8F4E-FA97735F98E6}"
EndProject
Global
	GlobalSection(SolutionConfigurationPlatforms) = preSolution
		Debug|Any CPU = Debug|Any CPU
		Release|Any CPU = Release|Any CPU
	EndGlobalSection
	GlobalSection(ProjectConfigurationPlatforms) = postSolution
		{EB25DD95-842F-43CC-BF6E-1B3F6CD47303}.Debug|Any CPU.ActiveCfg = Debug|Any CPU
		{EB25DD95-842F-43CC-BF6E-1B3F6CD47303}.Debug|Any CPU.Build.0 = Debug|Any CPU
		{EB25DD95-842F-43CC-BF6E-1B3F6CD47303}.Release|Any CPU.ActiveCfg = Release|Any CPU
		{EB25DD95-842F-43CC-BF6E-1B3F6CD47303}.Release|Any CPU.Build.0 = Release|Any CPU
		{8A8EC96A-45E5-4864-AC23-1A26F61F4E11}.Debug|Any CPU.ActiveCfg = Debug|Any CPU
		{8A8EC96A-45E5-4864-AC23-1A26F61F4E11}.Debug|Any CPU.Build.0 = Debug|Any CPU
		{8A8EC96A-45E5-4864-AC23-1A26F61F4E11}.Release|Any CPU.ActiveCfg = Release|Any CPU
		{8A8EC96A-45E5-4864-AC23-1A26F61F4E11}.Release|Any CPU.Build.0 = Release|Any CPU
		{0C3A4EB3-5AFD-4373-8F78-34A004B4D530}.Debug|Any CPU.ActiveCfg = Debug|Any CPU
		{0C3A4EB3-5AFD-4373-8F78-34A004B4D530}.Debug|Any CPU.Build.0 = Debug|Any CPU
		{0C3A4EB3-5AFD-4373-8F78-34A004B4D530}.Release|Any CPU.ActiveCfg = Release|Any CPU
		{0C3A4EB3-5AFD-4373-8F78-34A004B4D530}.Release|Any CPU.Build.0 = Release|Any CPU
		{92416813-CF32-4810-BF38-3AF39DB97E42}.Debug|Any CPU.ActiveCfg = Debug|Any CPU
		{92416813-CF32-4810-BF38-3AF39DB97E42}.Debug|Any CPU.Build.0 = Debug|Any CPU
		{92416813-CF32-4810-BF38-3AF39DB97E42}.Release|Any CPU.ActiveCfg = Release|Any CPU
		{92416813-CF32-4810-BF38-3AF39DB97E42}.Release|Any CPU.Build.0 = Release|Any CPU
		{829AC8DA-A9D9-4D15-9CE2-86E0A5D2A50B}.Debug|Any CPU.ActiveCfg = Debug|Any CPU
		{829AC8DA-A9D9-4D15-9CE2-86E0A5D2A50B}.Debug|Any CPU.Build.0 = Debug|Any CPU
		{829AC8DA-A9D9-4D15-9CE2-86E0A5D2A50B}.Release|Any CPU.ActiveCfg = Release|Any CPU
		{829AC8DA-A9D9-4D15-9CE2-86E0A5D2A50B}.Release|Any CPU.Build.0 = Release|Any CPU
		{41EFBB37-87EB-42C6-A814-FAA8936C9D69}.Debug|Any CPU.ActiveCfg = Debug|Any CPU
		{41EFBB37-87EB-42C6-A814-FAA8936C9D69}.Debug|Any CPU.Build.0 = Debug|Any CPU
		{41EFBB37-87EB-42C6-A814-FAA8936C9D69}.Release|Any CPU.ActiveCfg = Release|Any CPU
		{41EFBB37-87EB-42C6-A814-FAA8936C9D69}.Release|Any CPU.Build.0 = Release|Any CPU
		{AE1E4162-1984-4D44-81D3-583B4B9F91D5}.Debug|Any CPU.ActiveCfg = Debug|Any CPU
		{AE1E4162-1984-4D44-81D3-583B4B9F91D5}.Debug|Any CPU.Build.0 = Debug|Any CPU
		{AE1E4162-1984-4D44-81D3-583B4B9F91D5}.Release|Any CPU.ActiveCfg = Release|Any CPU
		{AE1E4162-1984-4D44-81D3-583B4B9F91D5}.Release|Any CPU.Build.0 = Release|Any CPU
		{84C08772-FC06-4793-9C8E-D4DA59CA65D1}.Debug|Any CPU.ActiveCfg = Debug|Any CPU
		{84C08772-FC06-4793-9C8E-D4DA59CA65D1}.Debug|Any CPU.Build.0 = Debug|Any CPU
		{84C08772-FC06-4793-9C8E-D4DA59CA65D1}.Release|Any CPU.ActiveCfg = Release|Any CPU
		{84C08772-FC06-4793-9C8E-D4DA59CA65D1}.Release|Any CPU.Build.0 = Release|Any CPU
		{A3136D4F-2192-492C-8F4E-FA97735F98E6}.Debug|Any CPU.ActiveCfg = Debug|Any CPU
		{A3136D4F-2192-492C-8F4E-FA97735F98E6}.Debug|Any CPU.Build.0 = Debug|Any CPU
		{A3136D4F-2192-492C-8F4E-FA97735F98E6}.Release|Any CPU.ActiveCfg = Release|Any CPU
		{A3136D4F-2192-492C-8F4E-FA97735F98E6}.Release|Any CPU.Build.0 = Release|Any CPU
	EndGlobalSection
	GlobalSection(SolutionProperties) = preSolution
		HideSolutionNode = FALSE
	EndGlobalSection
	GlobalSection(NestedProjects) = preSolution
		{EB25DD95-842F-43CC-BF6E-1B3F6CD47303} = {A63CB2FE-F5FA-477F-98A5-7F65FCEDC905}
		{8A8EC96A-45E5-4864-AC23-1A26F61F4E11} = {A63CB2FE-F5FA-477F-98A5-7F65FCEDC905}
		{0C3A4EB3-5AFD-4373-8F78-34A004B4D530} = {A63CB2FE-F5FA-477F-98A5-7F65FCEDC905}
		{92416813-CF32-4810-BF38-3AF39DB97E42} = {A63CB2FE-F5FA-477F-98A5-7F65FCEDC905}
		{829AC8DA-A9D9-4D15-9CE2-86E0A5D2A50B} = {A63CB2FE-F5FA-477F-98A5-7F65FCEDC905}
		{41EFBB37-87EB-42C6-A814-FAA8936C9D69} = {A63CB2FE-F5FA-477F-98A5-7F65FCEDC905}
		{AE1E4162-1984-4D44-81D3-583B4B9F91D5} = {A63CB2FE-F5FA-477F-98A5-7F65FCEDC905}
		{84C08772-FC06-4793-9C8E-D4DA59CA65D1} = {A63CB2FE-F5FA-477F-98A5-7F65FCEDC905}
		{A3136D4F-2192-492C-8F4E-FA97735F98E6} = {A63CB2FE-F5FA-477F-98A5-7F65FCEDC905}
	EndGlobalSection
	GlobalSection(ExtensibilityGlobals) = postSolution
		SolutionGuid = {44AA70C7-CD10-43F3-9819-F525F693FD8F}
	EndGlobalSection
EndGlobal
